
Microsoft Visual Studio Solution File, Format Version 12.00
# Visual Studio Version 16
VisualStudioVersion = 16.0.29926.136
MinimumVisualStudioVersion = 10.0.40219.1
Project("{9A19103F-16F7-4668-BE54-9A1E7A4F7556}") = "SoccerForecast.Common", "SoccerForecast.Common\SoccerForecast.Common.csproj", "{DAD25B1E-C21A-41F6-AC73-E943C1F8F731}"
EndProject
Project("{9A19103F-16F7-4668-BE54-9A1E7A4F7556}") = "SoccerForecast.Web", "SoccerForecast.Web\SoccerForecast.Web.csproj", "{A631B9FC-4D5F-4369-8D5B-9548BCFD40D1}"
EndProject
Project("{9A19103F-16F7-4668-BE54-9A1E7A4F7556}") = "SoccerForecast.Prism", "SoccerForecast.Prism\SoccerForecast.Prism\SoccerForecast.Prism.csproj", "{5E74E7A0-76D0-46E6-9156-6175FEAB5502}"
EndProject
Project("{FAE04EC0-301F-11D3-BF4B-00C04F79EFBC}") = "SoccerForecast.Prism.Android", "SoccerForecast.Prism\SoccerForecast.Prism.Android\SoccerForecast.Prism.Android.csproj", "{DCFB01C5-7928-454F-8D4B-FD550A891C03}"
EndProject
Project("{FAE04EC0-301F-11D3-BF4B-00C04F79EFBC}") = "SoccerForecast.Prism.iOS", "SoccerForecast.Prism\SoccerForecast.Prism.iOS\SoccerForecast.Prism.iOS.csproj", "{244E5A30-1895-4C10-93BB-7D4613423E92}"
EndProject
Project("{FAE04EC0-301F-11D3-BF4B-00C04F79EFBC}") = "SoccerForecast.Cross.Android", "SoccerForecast.Cross.Android\SoccerForecast.Cross.Android.csproj", "{0B449234-3FEE-4785-8205-A0593AD7A502}"
EndProject
Project("{FAE04EC0-301F-11D3-BF4B-00C04F79EFBC}") = "SoccerForecast.Cross.iOS", "SoccerForecast.Cross.iOS\SoccerForecast.Cross.iOS.csproj", "{8D1957CA-41CF-4200-B4D9-9D81A9489A15}"
EndProject
Global
	GlobalSection(SolutionConfigurationPlatforms) = preSolution
		Ad-Hoc|Any CPU = Ad-Hoc|Any CPU
		Ad-Hoc|iPhone = Ad-Hoc|iPhone
		Ad-Hoc|iPhoneSimulator = Ad-Hoc|iPhoneSimulator
		AppStore|Any CPU = AppStore|Any CPU
		AppStore|iPhone = AppStore|iPhone
		AppStore|iPhoneSimulator = AppStore|iPhoneSimulator
		Debug|Any CPU = Debug|Any CPU
		Debug|iPhone = Debug|iPhone
		Debug|iPhoneSimulator = Debug|iPhoneSimulator
		Release|Any CPU = Release|Any CPU
		Release|iPhone = Release|iPhone
		Release|iPhoneSimulator = Release|iPhoneSimulator
	EndGlobalSection
	GlobalSection(ProjectConfigurationPlatforms) = postSolution
		{DAD25B1E-C21A-41F6-AC73-E943C1F8F731}.Ad-Hoc|Any CPU.ActiveCfg = Release|Any CPU
		{DAD25B1E-C21A-41F6-AC73-E943C1F8F731}.Ad-Hoc|Any CPU.Build.0 = Release|Any CPU
		{DAD25B1E-C21A-41F6-AC73-E943C1F8F731}.Ad-Hoc|iPhone.ActiveCfg = Release|Any CPU
		{DAD25B1E-C21A-41F6-AC73-E943C1F8F731}.Ad-Hoc|iPhone.Build.0 = Release|Any CPU
		{DAD25B1E-C21A-41F6-AC73-E943C1F8F731}.Ad-Hoc|iPhoneSimulator.ActiveCfg = Release|Any CPU
		{DAD25B1E-C21A-41F6-AC73-E943C1F8F731}.Ad-Hoc|iPhoneSimulator.Build.0 = Release|Any CPU
		{DAD25B1E-C21A-41F6-AC73-E943C1F8F731}.AppStore|Any CPU.ActiveCfg = Release|Any CPU
		{DAD25B1E-C21A-41F6-AC73-E943C1F8F731}.AppStore|Any CPU.Build.0 = Release|Any CPU
		{DAD25B1E-C21A-41F6-AC73-E943C1F8F731}.AppStore|iPhone.ActiveCfg = Release|Any CPU
		{DAD25B1E-C21A-41F6-AC73-E943C1F8F731}.AppStore|iPhone.Build.0 = Release|Any CPU
		{DAD25B1E-C21A-41F6-AC73-E943C1F8F731}.AppStore|iPhoneSimulator.ActiveCfg = Release|Any CPU
		{DAD25B1E-C21A-41F6-AC73-E943C1F8F731}.AppStore|iPhoneSimulator.Build.0 = Release|Any CPU
		{DAD25B1E-C21A-41F6-AC73-E943C1F8F731}.Debug|Any CPU.ActiveCfg = Debug|Any CPU
		{DAD25B1E-C21A-41F6-AC73-E943C1F8F731}.Debug|Any CPU.Build.0 = Debug|Any CPU
		{DAD25B1E-C21A-41F6-AC73-E943C1F8F731}.Debug|iPhone.ActiveCfg = Debug|Any CPU
		{DAD25B1E-C21A-41F6-AC73-E943C1F8F731}.Debug|iPhone.Build.0 = Debug|Any CPU
		{DAD25B1E-C21A-41F6-AC73-E943C1F8F731}.Debug|iPhoneSimulator.ActiveCfg = Debug|Any CPU
		{DAD25B1E-C21A-41F6-AC73-E943C1F8F731}.Debug|iPhoneSimulator.Build.0 = Debug|Any CPU
		{DAD25B1E-C21A-41F6-AC73-E943C1F8F731}.Release|Any CPU.ActiveCfg = Release|Any CPU
		{DAD25B1E-C21A-41F6-AC73-E943C1F8F731}.Release|Any CPU.Build.0 = Release|Any CPU
		{DAD25B1E-C21A-41F6-AC73-E943C1F8F731}.Release|iPhone.ActiveCfg = Release|Any CPU
		{DAD25B1E-C21A-41F6-AC73-E943C1F8F731}.Release|iPhone.Build.0 = Release|Any CPU
		{DAD25B1E-C21A-41F6-AC73-E943C1F8F731}.Release|iPhoneSimulator.ActiveCfg = Release|Any CPU
		{DAD25B1E-C21A-41F6-AC73-E943C1F8F731}.Release|iPhoneSimulator.Build.0 = Release|Any CPU
		{A631B9FC-4D5F-4369-8D5B-9548BCFD40D1}.Ad-Hoc|Any CPU.ActiveCfg = Release|Any CPU
		{A631B9FC-4D5F-4369-8D5B-9548BCFD40D1}.Ad-Hoc|Any CPU.Build.0 = Release|Any CPU
		{A631B9FC-4D5F-4369-8D5B-9548BCFD40D1}.Ad-Hoc|iPhone.ActiveCfg = Release|Any CPU
		{A631B9FC-4D5F-4369-8D5B-9548BCFD40D1}.Ad-Hoc|iPhone.Build.0 = Release|Any CPU
		{A631B9FC-4D5F-4369-8D5B-9548BCFD40D1}.Ad-Hoc|iPhoneSimulator.ActiveCfg = Release|Any CPU
		{A631B9FC-4D5F-4369-8D5B-9548BCFD40D1}.Ad-Hoc|iPhoneSimulator.Build.0 = Release|Any CPU
		{A631B9FC-4D5F-4369-8D5B-9548BCFD40D1}.AppStore|Any CPU.ActiveCfg = Release|Any CPU
		{A631B9FC-4D5F-4369-8D5B-9548BCFD40D1}.AppStore|Any CPU.Build.0 = Release|Any CPU
		{A631B9FC-4D5F-4369-8D5B-9548BCFD40D1}.AppStore|iPhone.ActiveCfg = Release|Any CPU
		{A631B9FC-4D5F-4369-8D5B-9548BCFD40D1}.AppStore|iPhone.Build.0 = Release|Any CPU
		{A631B9FC-4D5F-4369-8D5B-9548BCFD40D1}.AppStore|iPhoneSimulator.ActiveCfg = Release|Any CPU
		{A631B9FC-4D5F-4369-8D5B-9548BCFD40D1}.AppStore|iPhoneSimulator.Build.0 = Release|Any CPU
		{A631B9FC-4D5F-4369-8D5B-9548BCFD40D1}.Debug|Any CPU.ActiveCfg = Debug|Any CPU
		{A631B9FC-4D5F-4369-8D5B-9548BCFD40D1}.Debug|Any CPU.Build.0 = Debug|Any CPU
		{A631B9FC-4D5F-4369-8D5B-9548BCFD40D1}.Debug|iPhone.ActiveCfg = Debug|Any CPU
		{A631B9FC-4D5F-4369-8D5B-9548BCFD40D1}.Debug|iPhone.Build.0 = Debug|Any CPU
		{A631B9FC-4D5F-4369-8D5B-9548BCFD40D1}.Debug|iPhoneSimulator.ActiveCfg = Debug|Any CPU
		{A631B9FC-4D5F-4369-8D5B-9548BCFD40D1}.Debug|iPhoneSimulator.Build.0 = Debug|Any CPU
		{A631B9FC-4D5F-4369-8D5B-9548BCFD40D1}.Release|Any CPU.ActiveCfg = Release|Any CPU
		{A631B9FC-4D5F-4369-8D5B-9548BCFD40D1}.Release|Any CPU.Build.0 = Release|Any CPU
		{A631B9FC-4D5F-4369-8D5B-9548BCFD40D1}.Release|iPhone.ActiveCfg = Release|Any CPU
		{A631B9FC-4D5F-4369-8D5B-9548BCFD40D1}.Release|iPhone.Build.0 = Release|Any CPU
		{A631B9FC-4D5F-4369-8D5B-9548BCFD40D1}.Release|iPhoneSimulator.ActiveCfg = Release|Any CPU
		{A631B9FC-4D5F-4369-8D5B-9548BCFD40D1}.Release|iPhoneSimulator.Build.0 = Release|Any CPU
		{5E74E7A0-76D0-46E6-9156-6175FEAB5502}.Ad-Hoc|Any CPU.ActiveCfg = Debug|Any CPU
		{5E74E7A0-76D0-46E6-9156-6175FEAB5502}.Ad-Hoc|Any CPU.Build.0 = Debug|Any CPU
		{5E74E7A0-76D0-46E6-9156-6175FEAB5502}.Ad-Hoc|iPhone.ActiveCfg = Debug|Any CPU
		{5E74E7A0-76D0-46E6-9156-6175FEAB5502}.Ad-Hoc|iPhone.Build.0 = Debug|Any CPU
		{5E74E7A0-76D0-46E6-9156-6175FEAB5502}.Ad-Hoc|iPhoneSimulator.ActiveCfg = Debug|Any CPU
		{5E74E7A0-76D0-46E6-9156-6175FEAB5502}.Ad-Hoc|iPhoneSimulator.Build.0 = Debug|Any CPU
		{5E74E7A0-76D0-46E6-9156-6175FEAB5502}.AppStore|Any CPU.ActiveCfg = Debug|Any CPU
		{5E74E7A0-76D0-46E6-9156-6175FEAB5502}.AppStore|Any CPU.Build.0 = Debug|Any CPU
		{5E74E7A0-76D0-46E6-9156-6175FEAB5502}.AppStore|iPhone.ActiveCfg = Debug|Any CPU
		{5E74E7A0-76D0-46E6-9156-6175FEAB5502}.AppStore|iPhone.Build.0 = Debug|Any CPU
		{5E74E7A0-76D0-46E6-9156-6175FEAB5502}.AppStore|iPhoneSimulator.ActiveCfg = Debug|Any CPU
		{5E74E7A0-76D0-46E6-9156-6175FEAB5502}.AppStore|iPhoneSimulator.Build.0 = Debug|Any CPU
		{5E74E7A0-76D0-46E6-9156-6175FEAB5502}.Debug|Any CPU.ActiveCfg = Debug|Any CPU
		{5E74E7A0-76D0-46E6-9156-6175FEAB5502}.Debug|Any CPU.Build.0 = Debug|Any CPU
		{5E74E7A0-76D0-46E6-9156-6175FEAB5502}.Debug|iPhone.ActiveCfg = Debug|Any CPU
		{5E74E7A0-76D0-46E6-9156-6175FEAB5502}.Debug|iPhone.Build.0 = Debug|Any CPU
		{5E74E7A0-76D0-46E6-9156-6175FEAB5502}.Debug|iPhoneSimulator.ActiveCfg = Debug|Any CPU
		{5E74E7A0-76D0-46E6-9156-6175FEAB5502}.Debug|iPhoneSimulator.Build.0 = Debug|Any CPU
		{5E74E7A0-76D0-46E6-9156-6175FEAB5502}.Release|Any CPU.ActiveCfg = Release|Any CPU
		{5E74E7A0-76D0-46E6-9156-6175FEAB5502}.Release|Any CPU.Build.0 = Release|Any CPU
		{5E74E7A0-76D0-46E6-9156-6175FEAB5502}.Release|iPhone.ActiveCfg = Release|Any CPU
		{5E74E7A0-76D0-46E6-9156-6175FEAB5502}.Release|iPhone.Build.0 = Release|Any CPU
		{5E74E7A0-76D0-46E6-9156-6175FEAB5502}.Release|iPhoneSimulator.ActiveCfg = Release|Any CPU
		{5E74E7A0-76D0-46E6-9156-6175FEAB5502}.Release|iPhoneSimulator.Build.0 = Release|Any CPU
		{DCFB01C5-7928-454F-8D4B-FD550A891C03}.Ad-Hoc|Any CPU.ActiveCfg = Release|Any CPU
		{DCFB01C5-7928-454F-8D4B-FD550A891C03}.Ad-Hoc|Any CPU.Build.0 = Release|Any CPU
		{DCFB01C5-7928-454F-8D4B-FD550A891C03}.Ad-Hoc|Any CPU.Deploy.0 = Release|Any CPU
		{DCFB01C5-7928-454F-8D4B-FD550A891C03}.Ad-Hoc|iPhone.ActiveCfg = Release|Any CPU
		{DCFB01C5-7928-454F-8D4B-FD550A891C03}.Ad-Hoc|iPhone.Build.0 = Release|Any CPU
		{DCFB01C5-7928-454F-8D4B-FD550A891C03}.Ad-Hoc|iPhone.Deploy.0 = Release|Any CPU
		{DCFB01C5-7928-454F-8D4B-FD550A891C03}.Ad-Hoc|iPhoneSimulator.ActiveCfg = Release|Any CPU
		{DCFB01C5-7928-454F-8D4B-FD550A891C03}.Ad-Hoc|iPhoneSimulator.Build.0 = Release|Any CPU
		{DCFB01C5-7928-454F-8D4B-FD550A891C03}.Ad-Hoc|iPhoneSimulator.Deploy.0 = Release|Any CPU
		{DCFB01C5-7928-454F-8D4B-FD550A891C03}.AppStore|Any CPU.ActiveCfg = Release|Any CPU
		{DCFB01C5-7928-454F-8D4B-FD550A891C03}.AppStore|Any CPU.Build.0 = Release|Any CPU
		{DCFB01C5-7928-454F-8D4B-FD550A891C03}.AppStore|Any CPU.Deploy.0 = Release|Any CPU
		{DCFB01C5-7928-454F-8D4B-FD550A891C03}.AppStore|iPhone.ActiveCfg = Release|Any CPU
		{DCFB01C5-7928-454F-8D4B-FD550A891C03}.AppStore|iPhone.Build.0 = Release|Any CPU
		{DCFB01C5-7928-454F-8D4B-FD550A891C03}.AppStore|iPhone.Deploy.0 = Release|Any CPU
		{DCFB01C5-7928-454F-8D4B-FD550A891C03}.AppStore|iPhoneSimulator.ActiveCfg = Release|Any CPU
		{DCFB01C5-7928-454F-8D4B-FD550A891C03}.AppStore|iPhoneSimulator.Build.0 = Release|Any CPU
		{DCFB01C5-7928-454F-8D4B-FD550A891C03}.AppStore|iPhoneSimulator.Deploy.0 = Release|Any CPU
		{DCFB01C5-7928-454F-8D4B-FD550A891C03}.Debug|Any CPU.ActiveCfg = Debug|Any CPU
		{DCFB01C5-7928-454F-8D4B-FD550A891C03}.Debug|Any CPU.Build.0 = Debug|Any CPU
		{DCFB01C5-7928-454F-8D4B-FD550A891C03}.Debug|Any CPU.Deploy.0 = Debug|Any CPU
		{DCFB01C5-7928-454F-8D4B-FD550A891C03}.Debug|iPhone.ActiveCfg = Debug|Any CPU
		{DCFB01C5-7928-454F-8D4B-FD550A891C03}.Debug|iPhone.Build.0 = Debug|Any CPU
		{DCFB01C5-7928-454F-8D4B-FD550A891C03}.Debug|iPhone.Deploy.0 = Debug|Any CPU
		{DCFB01C5-7928-454F-8D4B-FD550A891C03}.Debug|iPhoneSimulator.ActiveCfg = Debug|Any CPU
		{DCFB01C5-7928-454F-8D4B-FD550A891C03}.Debug|iPhoneSimulator.Build.0 = Debug|Any CPU
		{DCFB01C5-7928-454F-8D4B-FD550A891C03}.Debug|iPhoneSimulator.Deploy.0 = Debug|Any CPU
		{DCFB01C5-7928-454F-8D4B-FD550A891C03}.Release|Any CPU.ActiveCfg = Release|Any CPU
		{DCFB01C5-7928-454F-8D4B-FD550A891C03}.Release|Any CPU.Build.0 = Release|Any CPU
		{DCFB01C5-7928-454F-8D4B-FD550A891C03}.Release|Any CPU.Deploy.0 = Release|Any CPU
		{DCFB01C5-7928-454F-8D4B-FD550A891C03}.Release|iPhone.ActiveCfg = Release|Any CPU
		{DCFB01C5-7928-454F-8D4B-FD550A891C03}.Release|iPhone.Build.0 = Release|Any CPU
		{DCFB01C5-7928-454F-8D4B-FD550A891C03}.Release|iPhone.Deploy.0 = Release|Any CPU
		{DCFB01C5-7928-454F-8D4B-FD550A891C03}.Release|iPhoneSimulator.ActiveCfg = Release|Any CPU
		{DCFB01C5-7928-454F-8D4B-FD550A891C03}.Release|iPhoneSimulator.Build.0 = Release|Any CPU
		{DCFB01C5-7928-454F-8D4B-FD550A891C03}.Release|iPhoneSimulator.Deploy.0 = Release|Any CPU
		{244E5A30-1895-4C10-93BB-7D4613423E92}.Ad-Hoc|Any CPU.ActiveCfg = Ad-Hoc|iPhone
		{244E5A30-1895-4C10-93BB-7D4613423E92}.Ad-Hoc|iPhone.ActiveCfg = Ad-Hoc|iPhone
		{244E5A30-1895-4C10-93BB-7D4613423E92}.Ad-Hoc|iPhone.Build.0 = Ad-Hoc|iPhone
		{244E5A30-1895-4C10-93BB-7D4613423E92}.Ad-Hoc|iPhoneSimulator.ActiveCfg = Ad-Hoc|iPhoneSimulator
		{244E5A30-1895-4C10-93BB-7D4613423E92}.Ad-Hoc|iPhoneSimulator.Build.0 = Ad-Hoc|iPhoneSimulator
		{244E5A30-1895-4C10-93BB-7D4613423E92}.AppStore|Any CPU.ActiveCfg = AppStore|iPhone
		{244E5A30-1895-4C10-93BB-7D4613423E92}.AppStore|iPhone.ActiveCfg = AppStore|iPhone
		{244E5A30-1895-4C10-93BB-7D4613423E92}.AppStore|iPhone.Build.0 = AppStore|iPhone
		{244E5A30-1895-4C10-93BB-7D4613423E92}.AppStore|iPhoneSimulator.ActiveCfg = AppStore|iPhoneSimulator
		{244E5A30-1895-4C10-93BB-7D4613423E92}.AppStore|iPhoneSimulator.Build.0 = AppStore|iPhoneSimulator
		{244E5A30-1895-4C10-93BB-7D4613423E92}.Debug|Any CPU.ActiveCfg = Debug|iPhone
		{244E5A30-1895-4C10-93BB-7D4613423E92}.Debug|iPhone.ActiveCfg = Debug|iPhone
		{244E5A30-1895-4C10-93BB-7D4613423E92}.Debug|iPhone.Build.0 = Debug|iPhone
		{244E5A30-1895-4C10-93BB-7D4613423E92}.Debug|iPhoneSimulator.ActiveCfg = Debug|iPhoneSimulator
		{244E5A30-1895-4C10-93BB-7D4613423E92}.Debug|iPhoneSimulator.Build.0 = Debug|iPhoneSimulator
		{244E5A30-1895-4C10-93BB-7D4613423E92}.Release|Any CPU.ActiveCfg = Release|iPhone
		{244E5A30-1895-4C10-93BB-7D4613423E92}.Release|iPhone.ActiveCfg = Release|iPhone
		{244E5A30-1895-4C10-93BB-7D4613423E92}.Release|iPhone.Build.0 = Release|iPhone
		{244E5A30-1895-4C10-93BB-7D4613423E92}.Release|iPhoneSimulator.ActiveCfg = Release|iPhoneSimulator
		{244E5A30-1895-4C10-93BB-7D4613423E92}.Release|iPhoneSimulator.Build.0 = Release|iPhoneSimulator
		{0B449234-3FEE-4785-8205-A0593AD7A502}.Ad-Hoc|Any CPU.ActiveCfg = Release|Any CPU
		{0B449234-3FEE-4785-8205-A0593AD7A502}.Ad-Hoc|Any CPU.Build.0 = Release|Any CPU
		{0B449234-3FEE-4785-8205-A0593AD7A502}.Ad-Hoc|Any CPU.Deploy.0 = Release|Any CPU
		{0B449234-3FEE-4785-8205-A0593AD7A502}.Ad-Hoc|iPhone.ActiveCfg = Release|Any CPU
		{0B449234-3FEE-4785-8205-A0593AD7A502}.Ad-Hoc|iPhone.Build.0 = Release|Any CPU
		{0B449234-3FEE-4785-8205-A0593AD7A502}.Ad-Hoc|iPhone.Deploy.0 = Release|Any CPU
		{0B449234-3FEE-4785-8205-A0593AD7A502}.Ad-Hoc|iPhoneSimulator.ActiveCfg = Release|Any CPU
		{0B449234-3FEE-4785-8205-A0593AD7A502}.Ad-Hoc|iPhoneSimulator.Build.0 = Release|Any CPU
		{0B449234-3FEE-4785-8205-A0593AD7A502}.Ad-Hoc|iPhoneSimulator.Deploy.0 = Release|Any CPU
		{0B449234-3FEE-4785-8205-A0593AD7A502}.AppStore|Any CPU.ActiveCfg = Release|Any CPU
		{0B449234-3FEE-4785-8205-A0593AD7A502}.AppStore|Any CPU.Build.0 = Release|Any CPU
		{0B449234-3FEE-4785-8205-A0593AD7A502}.AppStore|Any CPU.Deploy.0 = Release|Any CPU
		{0B449234-3FEE-4785-8205-A0593AD7A502}.AppStore|iPhone.ActiveCfg = Release|Any CPU
		{0B449234-3FEE-4785-8205-A0593AD7A502}.AppStore|iPhone.Build.0 = Release|Any CPU
		{0B449234-3FEE-4785-8205-A0593AD7A502}.AppStore|iPhone.Deploy.0 = Release|Any CPU
		{0B449234-3FEE-4785-8205-A0593AD7A502}.AppStore|iPhoneSimulator.ActiveCfg = Release|Any CPU
		{0B449234-3FEE-4785-8205-A0593AD7A502}.AppStore|iPhoneSimulator.Build.0 = Release|Any CPU
		{0B449234-3FEE-4785-8205-A0593AD7A502}.AppStore|iPhoneSimulator.Deploy.0 = Release|Any CPU
		{0B449234-3FEE-4785-8205-A0593AD7A502}.Debug|Any CPU.ActiveCfg = Debug|Any CPU
		{0B449234-3FEE-4785-8205-A0593AD7A502}.Debug|Any CPU.Build.0 = Debug|Any CPU
		{0B449234-3FEE-4785-8205-A0593AD7A502}.Debug|Any CPU.Deploy.0 = Debug|Any CPU
		{0B449234-3FEE-4785-8205-A0593AD7A502}.Debug|iPhone.ActiveCfg = Debug|Any CPU
		{0B449234-3FEE-4785-8205-A0593AD7A502}.Debug|iPhone.Build.0 = Debug|Any CPU
		{0B449234-3FEE-4785-8205-A0593AD7A502}.Debug|iPhone.Deploy.0 = Debug|Any CPU
		{0B449234-3FEE-4785-8205-A0593AD7A502}.Debug|iPhoneSimulator.ActiveCfg = Debug|Any CPU
		{0B449234-3FEE-4785-8205-A0593AD7A502}.Debug|iPhoneSimulator.Build.0 = Debug|Any CPU
		{0B449234-3FEE-4785-8205-A0593AD7A502}.Debug|iPhoneSimulator.Deploy.0 = Debug|Any CPU
		{0B449234-3FEE-4785-8205-A0593AD7A502}.Release|Any CPU.ActiveCfg = Release|Any CPU
		{0B449234-3FEE-4785-8205-A0593AD7A502}.Release|Any CPU.Build.0 = Release|Any CPU
		{0B449234-3FEE-4785-8205-A0593AD7A502}.Release|Any CPU.Deploy.0 = Release|Any CPU
		{0B449234-3FEE-4785-8205-A0593AD7A502}.Release|iPhone.ActiveCfg = Release|Any CPU
		{0B449234-3FEE-4785-8205-A0593AD7A502}.Release|iPhone.Build.0 = Release|Any CPU
		{0B449234-3FEE-4785-8205-A0593AD7A502}.Release|iPhone.Deploy.0 = Release|Any CPU
		{0B449234-3FEE-4785-8205-A0593AD7A502}.Release|iPhoneSimulator.ActiveCfg = Release|Any CPU
		{0B449234-3FEE-4785-8205-A0593AD7A502}.Release|iPhoneSimulator.Build.0 = Release|Any CPU
		{0B449234-3FEE-4785-8205-A0593AD7A502}.Release|iPhoneSimulator.Deploy.0 = Release|Any CPU
		{8D1957CA-41CF-4200-B4D9-9D81A9489A15}.Ad-Hoc|Any CPU.ActiveCfg = Release|iPhone
		{8D1957CA-41CF-4200-B4D9-9D81A9489A15}.Ad-Hoc|Any CPU.Build.0 = Release|iPhone
		{8D1957CA-41CF-4200-B4D9-9D81A9489A15}.Ad-Hoc|iPhone.ActiveCfg = Release|iPhone
		{8D1957CA-41CF-4200-B4D9-9D81A9489A15}.Ad-Hoc|iPhone.Build.0 = Release|iPhone
		{8D1957CA-41CF-4200-B4D9-9D81A9489A15}.Ad-Hoc|iPhoneSimulator.ActiveCfg = Release|iPhoneSimulator
		{8D1957CA-41CF-4200-B4D9-9D81A9489A15}.Ad-Hoc|iPhoneSimulator.Build.0 = Release|iPhoneSimulator
		{8D1957CA-41CF-4200-B4D9-9D81A9489A15}.AppStore|Any CPU.ActiveCfg = Release|iPhone
		{8D1957CA-41CF-4200-B4D9-9D81A9489A15}.AppStore|Any CPU.Build.0 = Release|iPhone
		{8D1957CA-41CF-4200-B4D9-9D81A9489A15}.AppStore|iPhone.ActiveCfg = Release|iPhone
		{8D1957CA-41CF-4200-B4D9-9D81A9489A15}.AppStore|iPhone.Build.0 = Release|iPhone
		{8D1957CA-41CF-4200-B4D9-9D81A9489A15}.AppStore|iPhoneSimulator.ActiveCfg = Release|iPhoneSimulator
		{8D1957CA-41CF-4200-B4D9-9D81A9489A15}.AppStore|iPhoneSimulator.Build.0 = Release|iPhoneSimulator
		{8D1957CA-41CF-4200-B4D9-9D81A9489A15}.Debug|Any CPU.ActiveCfg = Debug|iPhone
		{8D1957CA-41CF-4200-B4D9-9D81A9489A15}.Debug|iPhone.ActiveCfg = Debug|iPhone
		{8D1957CA-41CF-4200-B4D9-9D81A9489A15}.Debug|iPhone.Build.0 = Debug|iPhone
		{8D1957CA-41CF-4200-B4D9-9D81A9489A15}.Debug|iPhoneSimulator.ActiveCfg = Debug|iPhoneSimulator
		{8D1957CA-41CF-4200-B4D9-9D81A9489A15}.Debug|iPhoneSimulator.Build.0 = Debug|iPhoneSimulator
		{8D1957CA-41CF-4200-B4D9-9D81A9489A15}.Release|Any CPU.ActiveCfg = Release|iPhone
		{8D1957CA-41CF-4200-B4D9-9D81A9489A15}.Release|iPhone.ActiveCfg = Release|iPhone
		{8D1957CA-41CF-4200-B4D9-9D81A9489A15}.Release|iPhone.Build.0 = Release|iPhone
		{8D1957CA-41CF-4200-B4D9-9D81A9489A15}.Release|iPhoneSimulator.ActiveCfg = Release|iPhoneSimulator
		{8D1957CA-41CF-4200-B4D9-9D81A9489A15}.Release|iPhoneSimulator.Build.0 = Release|iPhoneSimulator
	EndGlobalSection
	GlobalSection(SolutionProperties) = preSolution
		HideSolutionNode = FALSE
	EndGlobalSection
	GlobalSection(ExtensibilityGlobals) = postSolution
		SolutionGuid = {79C97E82-A186-4838-A41A-A0E9F10D2D19}
	EndGlobalSection
EndGlobal
